PODS:
  - Alamofire (5.5.0)
  - Flutter (1.0.0)
  - flutter_osm_plugin (0.0.1):
    - Alamofire
    - Flutter
    - Polyline
    - Tangram-es
  - "permission_handler (5.1.0+2)":
    - Flutter
  - Polyline (5.0.2)
  - Tangram-es (0.17.1)
  - url_launcher_ios (0.0.1):
    - Flutter

DEPENDENCIES:
  - Flutter (from `Flutter`)
  - flutter_osm_plugin (from `.symlinks/plugins/flutter_osm_plugin/ios`)
  - permission_handler (from `.symlinks/plugins/permission_handler/ios`)
  - url_launcher_ios (from `.symlinks/plugins/url_launcher_ios/ios`)

SPEC REPOS:
  trunk:
    - Alamofire
    - Polyline
    - Tangram-es

EXTERNAL SOURCES:
  Flutter:
    :path: Flutter
  flutter_osm_plugin:
    :path: ".symlinks/plugins/flutter_osm_plugin/ios"
  permission_handler:
    :path: ".symlinks/plugins/permission_handler/ios"
  url_launcher_ios:
    :path: ".symlinks/plugins/url_launcher_ios/ios"

SPEC CHECKSUMS:
  Alamofire: 1c4fb5369c3fe93d2857c780d8bbe09f06f97e7c
  Flutter: 50d75fe2f02b26cc09d224853bb45737f8b3214a
  flutter_osm_plugin: f06ae1e854af57270c61ae27bdb8a386cfd4afa5
  permission_handler: ccb20a9fad0ee9b1314a52b70b76b473c5f8dab0
  Polyline: fce41d72e1146c41c6d081f7656827226f643dff
  Tangram-es: 628b634f7fc09d2217469b9914de00d9de49ff9d
  url_launcher_ios: 839c58cdb4279282219f5e248c3321761ff3c4de

PODFILE CHECKSUM: 4e8f8b2be68aeea4c0d5beb6ff1e79fface1d048

COCOAPODS: 1.11.2
